
Microsoft Visual Studio Solution File, Format Version 12.00
# Visual Studio Version 16
VisualStudioVersion = 16.0.32228.343
MinimumVisualStudioVersion = 10.0.40219.1
Project("{2150E333-8FDC-42A3-9474-1A3956D46DE8}") = "Services", "Services", "{9B4B970C-A123-41B2-8311-F67EBB8E3945}"
EndProject
Project("{2150E333-8FDC-42A3-9474-1A3956D46DE8}") = "WebApps", "WebApps", "{0EBA7A9A-94C5-48EB-94F0-D7A88C383505}"
EndProject
Project("{2150E333-8FDC-42A3-9474-1A3956D46DE8}") = "Cadastros", "Cadastros", "{8A514E8F-47FA-4CBF-9A0C-C769785D61DC}"
EndProject
Project("{2150E333-8FDC-42A3-9474-1A3956D46DE8}") = "Catalogo", "Catalogo", "{B97F2B74-6B57-4FCD-B34D-88AFE607DCAC}"
EndProject
Project("{2150E333-8FDC-42A3-9474-1A3956D46DE8}") = "Core", "Core", "{186BA558-5066-4278-9DF5-D490A7AE5A51}"
EndProject
Project("{2150E333-8FDC-42A3-9474-1A3956D46DE8}") = "Fiscal", "Fiscal", "{9C684853-B7AC-40F1-B22C-C1104859185A}"
EndProject
Project("{2150E333-8FDC-42A3-9474-1A3956D46DE8}") = "Pagamentos", "Pagamentos", "{D93D3C2F-B1E1-4232-B6B2-27E99883863F}"
EndProject
Project("{2150E333-8FDC-42A3-9474-1A3956D46DE8}") = "Vendas", "Vendas", "{F5F86BB2-F99D-4CB2-A702-2E7EFA6E893C}"
EndProject
Project("{FAE04EC0-301F-11D3-BF4B-00C04F79EFBC}") = "NerdStore.Catalogo.Domain", "src\NerdStore.Catalogo.Domain\NerdStore.Catalogo.Domain.csproj", "{0DE0B636-C04C-4204-B2E2-A2770F6221F3}"
EndProject
Project("{FAE04EC0-301F-11D3-BF4B-00C04F79EFBC}") = "NerdStore.Core", "src\NerdStore.Core\NerdStore.Core.csproj", "{D956E6AC-3BAD-41F7-AFFE-C741458C3A10}"
EndProject
Global
	GlobalSection(SolutionConfigurationPlatforms) = preSolution
		Debug|Any CPU = Debug|Any CPU
		Release|Any CPU = Release|Any CPU
	EndGlobalSection
	GlobalSection(ProjectConfigurationPlatforms) = postSolution
		{0DE0B636-C04C-4204-B2E2-A2770F6221F3}.Debug|Any CPU.ActiveCfg = Debug|Any CPU
		{0DE0B636-C04C-4204-B2E2-A2770F6221F3}.Debug|Any CPU.Build.0 = Debug|Any CPU
		{0DE0B636-C04C-4204-B2E2-A2770F6221F3}.Release|Any CPU.ActiveCfg = Release|Any CPU
		{0DE0B636-C04C-4204-B2E2-A2770F6221F3}.Release|Any CPU.Build.0 = Release|Any CPU
		{D956E6AC-3BAD-41F7-AFFE-C741458C3A10}.Debug|Any CPU.ActiveCfg = Debug|Any CPU
		{D956E6AC-3BAD-41F7-AFFE-C741458C3A10}.Debug|Any CPU.Build.0 = Debug|Any CPU
		{D956E6AC-3BAD-41F7-AFFE-C741458C3A10}.Release|Any CPU.ActiveCfg = Release|Any CPU
		{D956E6AC-3BAD-41F7-AFFE-C741458C3A10}.Release|Any CPU.Build.0 = Release|Any CPU
	EndGlobalSection
	GlobalSection(SolutionProperties) = preSolution
		HideSolutionNode = FALSE
	EndGlobalSection
	GlobalSection(NestedProjects) = preSolution
		{8A514E8F-47FA-4CBF-9A0C-C769785D61DC} = {9B4B970C-A123-41B2-8311-F67EBB8E3945}
		{B97F2B74-6B57-4FCD-B34D-88AFE607DCAC} = {9B4B970C-A123-41B2-8311-F67EBB8E3945}
		{186BA558-5066-4278-9DF5-D490A7AE5A51} = {9B4B970C-A123-41B2-8311-F67EBB8E3945}
		{9C684853-B7AC-40F1-B22C-C1104859185A} = {9B4B970C-A123-41B2-8311-F67EBB8E3945}
		{D93D3C2F-B1E1-4232-B6B2-27E99883863F} = {9B4B970C-A123-41B2-8311-F67EBB8E3945}
		{F5F86BB2-F99D-4CB2-A702-2E7EFA6E893C} = {9B4B970C-A123-41B2-8311-F67EBB8E3945}
		{0DE0B636-C04C-4204-B2E2-A2770F6221F3} = {B97F2B74-6B57-4FCD-B34D-88AFE607DCAC}
		{D956E6AC-3BAD-41F7-AFFE-C741458C3A10} = {186BA558-5066-4278-9DF5-D490A7AE5A51}
	EndGlobalSection
	GlobalSection(ExtensibilityGlobals) = postSolution
		SolutionGuid = {E4D55222-A523-4018-AC4A-BC0255D5D18A}
	EndGlobalSection
EndGlobal
